
Microsoft Visual Studio Solution File, Format Version 12.00
Project("{FAE04EC0-301F-11D3-BF4B-00C04F79EFBC}") = "Tempest.WebSocket", "Tempest.WebSocket\Tempest.WebSocket.csproj", "{3A5BB983-BBBF-4ACF-8F8F-078776C0475A}"
EndProject
Project("{FAE04EC0-301F-11D3-BF4B-00C04F79EFBC}") = "Tempest.REST", "Tempest.REST\Tempest.REST.csproj", "{8BE5010A-01B2-432E-AB7E-75D2557AD7F2}"
EndProject
Project("{FAE04EC0-301F-11D3-BF4B-00C04F79EFBC}") = "Tempest.UI", "Tempest.UI\Tempest.UI.csproj", "{F367B4EA-9DBB-4FB5-A246-508E03B7D1C0}"
EndProject
Project("{FAE04EC0-301F-11D3-BF4B-00C04F79EFBC}") = "TempestBlazorApp", "TempestBlazorApp\TempestBlazorApp.csproj", "{397396E0-B288-46E5-B492-F556AD6A5C35}"
EndProject
Project("{FAE04EC0-301F-11D3-BF4B-00C04F79EFBC}") = "Tempest.WebSocket.Tests", "Tempest.WebSocket.Tests\Tempest.WebSocket.Tests.csproj", "{C3FE47ED-6615-4064-AC20-6EB4D834801E}"
EndProject
Project("{FAE04EC0-301F-11D3-BF4B-00C04F79EFBC}") = "TempestBlazorApp.Tests", "TempestBlazorApp.Tests\TempestBlazorApp.Tests.csproj", "{ACE07577-5D13-4267-8049-7B1B3724791A}"
EndProject
Project("{FAE04EC0-301F-11D3-BF4B-00C04F79EFBC}") = "Tempest.UI.Tests", "Tempest.UI.Tests\Tempest.UI.Tests.csproj", "{36056B4F-CF93-4F03-9606-9CD6C78F3AEF}"
EndProject
Global
	GlobalSection(SolutionConfigurationPlatforms) = preSolution
		Debug|Any CPU = Debug|Any CPU
		Debug|x64 = Debug|x64
		Debug|x86 = Debug|x86
		Release|Any CPU = Release|Any CPU
		Release|x64 = Release|x64
		Release|x86 = Release|x86
	EndGlobalSection
	GlobalSection(ProjectConfigurationPlatforms) = postSolution
		{3A5BB983-BBBF-4ACF-8F8F-078776C0475A}.Debug|Any CPU.ActiveCfg = Debug|Any CPU
		{3A5BB983-BBBF-4ACF-8F8F-078776C0475A}.Debug|Any CPU.Build.0 = Debug|Any CPU
		{3A5BB983-BBBF-4ACF-8F8F-078776C0475A}.Debug|x64.ActiveCfg = Debug|Any CPU
		{3A5BB983-BBBF-4ACF-8F8F-078776C0475A}.Debug|x64.Build.0 = Debug|Any CPU
		{3A5BB983-BBBF-4ACF-8F8F-078776C0475A}.Debug|x86.ActiveCfg = Debug|Any CPU
		{3A5BB983-BBBF-4ACF-8F8F-078776C0475A}.Debug|x86.Build.0 = Debug|Any CPU
		{3A5BB983-BBBF-4ACF-8F8F-078776C0475A}.Release|Any CPU.ActiveCfg = Release|Any CPU
		{3A5BB983-BBBF-4ACF-8F8F-078776C0475A}.Release|Any CPU.Build.0 = Release|Any CPU
		{3A5BB983-BBBF-4ACF-8F8F-078776C0475A}.Release|x64.ActiveCfg = Release|Any CPU
		{3A5BB983-BBBF-4ACF-8F8F-078776C0475A}.Release|x64.Build.0 = Release|Any CPU
		{3A5BB983-BBBF-4ACF-8F8F-078776C0475A}.Release|x86.ActiveCfg = Release|Any CPU
		{3A5BB983-BBBF-4ACF-8F8F-078776C0475A}.Release|x86.Build.0 = Release|Any CPU
		{8BE5010A-01B2-432E-AB7E-75D2557AD7F2}.Debug|Any CPU.ActiveCfg = Debug|Any CPU
		{8BE5010A-01B2-432E-AB7E-75D2557AD7F2}.Debug|Any CPU.Build.0 = Debug|Any CPU
		{8BE5010A-01B2-432E-AB7E-75D2557AD7F2}.Debug|x64.ActiveCfg = Debug|Any CPU
		{8BE5010A-01B2-432E-AB7E-75D2557AD7F2}.Debug|x64.Build.0 = Debug|Any CPU
		{8BE5010A-01B2-432E-AB7E-75D2557AD7F2}.Debug|x86.ActiveCfg = Debug|Any CPU
		{8BE5010A-01B2-432E-AB7E-75D2557AD7F2}.Debug|x86.Build.0 = Debug|Any CPU
		{8BE5010A-01B2-432E-AB7E-75D2557AD7F2}.Release|Any CPU.ActiveCfg = Release|Any CPU
		{8BE5010A-01B2-432E-AB7E-75D2557AD7F2}.Release|Any CPU.Build.0 = Release|Any CPU
		{8BE5010A-01B2-432E-AB7E-75D2557AD7F2}.Release|x64.ActiveCfg = Release|Any CPU
		{8BE5010A-01B2-432E-AB7E-75D2557AD7F2}.Release|x64.Build.0 = Release|Any CPU
		{8BE5010A-01B2-432E-AB7E-75D2557AD7F2}.Release|x86.ActiveCfg = Release|Any CPU
		{8BE5010A-01B2-432E-AB7E-75D2557AD7F2}.Release|x86.Build.0 = Release|Any CPU
		{F367B4EA-9DBB-4FB5-A246-508E03B7D1C0}.Debug|Any CPU.ActiveCfg = Debug|Any CPU
		{F367B4EA-9DBB-4FB5-A246-508E03B7D1C0}.Debug|Any CPU.Build.0 = Debug|Any CPU
		{F367B4EA-9DBB-4FB5-A246-508E03B7D1C0}.Debug|x64.ActiveCfg = Debug|Any CPU
		{F367B4EA-9DBB-4FB5-A246-508E03B7D1C0}.Debug|x64.Build.0 = Debug|Any CPU
		{F367B4EA-9DBB-4FB5-A246-508E03B7D1C0}.Debug|x86.ActiveCfg = Debug|Any CPU
		{F367B4EA-9DBB-4FB5-A246-508E03B7D1C0}.Debug|x86.Build.0 = Debug|Any CPU
		{F367B4EA-9DBB-4FB5-A246-508E03B7D1C0}.Release|Any CPU.ActiveCfg = Release|Any CPU
		{F367B4EA-9DBB-4FB5-A246-508E03B7D1C0}.Release|Any CPU.Build.0 = Release|Any CPU
		{F367B4EA-9DBB-4FB5-A246-508E03B7D1C0}.Release|x64.ActiveCfg = Release|Any CPU
		{F367B4EA-9DBB-4FB5-A246-508E03B7D1C0}.Release|x64.Build.0 = Release|Any CPU
		{F367B4EA-9DBB-4FB5-A246-508E03B7D1C0}.Release|x86.ActiveCfg = Release|Any CPU
		{F367B4EA-9DBB-4FB5-A246-508E03B7D1C0}.Release|x86.Build.0 = Release|Any CPU
		{397396E0-B288-46E5-B492-F556AD6A5C35}.Debug|Any CPU.ActiveCfg = Debug|Any CPU
		{397396E0-B288-46E5-B492-F556AD6A5C35}.Debug|Any CPU.Build.0 = Debug|Any CPU
		{397396E0-B288-46E5-B492-F556AD6A5C35}.Debug|x64.ActiveCfg = Debug|Any CPU
		{397396E0-B288-46E5-B492-F556AD6A5C35}.Debug|x64.Build.0 = Debug|Any CPU
		{397396E0-B288-46E5-B492-F556AD6A5C35}.Debug|x86.ActiveCfg = Debug|Any CPU
		{397396E0-B288-46E5-B492-F556AD6A5C35}.Debug|x86.Build.0 = Debug|Any CPU
		{397396E0-B288-46E5-B492-F556AD6A5C35}.Release|Any CPU.ActiveCfg = Release|Any CPU
		{397396E0-B288-46E5-B492-F556AD6A5C35}.Release|Any CPU.Build.0 = Release|Any CPU
		{397396E0-B288-46E5-B492-F556AD6A5C35}.Release|x64.ActiveCfg = Release|Any CPU
		{397396E0-B288-46E5-B492-F556AD6A5C35}.Release|x64.Build.0 = Release|Any CPU
		{397396E0-B288-46E5-B492-F556AD6A5C35}.Release|x86.ActiveCfg = Release|Any CPU
		{397396E0-B288-46E5-B492-F556AD6A5C35}.Release|x86.Build.0 = Release|Any CPU
		{C3FE47ED-6615-4064-AC20-6EB4D834801E}.Debug|Any CPU.ActiveCfg = Debug|Any CPU
		{C3FE47ED-6615-4064-AC20-6EB4D834801E}.Debug|Any CPU.Build.0 = Debug|Any CPU
		{C3FE47ED-6615-4064-AC20-6EB4D834801E}.Debug|x64.ActiveCfg = Debug|Any CPU
		{C3FE47ED-6615-4064-AC20-6EB4D834801E}.Debug|x64.Build.0 = Debug|Any CPU
		{C3FE47ED-6615-4064-AC20-6EB4D834801E}.Debug|x86.ActiveCfg = Debug|Any CPU
		{C3FE47ED-6615-4064-AC20-6EB4D834801E}.Debug|x86.Build.0 = Debug|Any CPU
		{C3FE47ED-6615-4064-AC20-6EB4D834801E}.Release|Any CPU.ActiveCfg = Release|Any CPU
		{C3FE47ED-6615-4064-AC20-6EB4D834801E}.Release|Any CPU.Build.0 = Release|Any CPU
		{C3FE47ED-6615-4064-AC20-6EB4D834801E}.Release|x64.ActiveCfg = Release|Any CPU
		{C3FE47ED-6615-4064-AC20-6EB4D834801E}.Release|x64.Build.0 = Release|Any CPU
		{C3FE47ED-6615-4064-AC20-6EB4D834801E}.Release|x86.ActiveCfg = Release|Any CPU
		{C3FE47ED-6615-4064-AC20-6EB4D834801E}.Release|x86.Build.0 = Release|Any CPU
		{ACE07577-5D13-4267-8049-7B1B3724791A}.Debug|Any CPU.ActiveCfg = Debug|Any CPU
		{ACE07577-5D13-4267-8049-7B1B3724791A}.Debug|Any CPU.Build.0 = Debug|Any CPU
		{ACE07577-5D13-4267-8049-7B1B3724791A}.Debug|x64.ActiveCfg = Debug|Any CPU
		{ACE07577-5D13-4267-8049-7B1B3724791A}.Debug|x64.Build.0 = Debug|Any CPU
		{ACE07577-5D13-4267-8049-7B1B3724791A}.Debug|x86.ActiveCfg = Debug|Any CPU
		{ACE07577-5D13-4267-8049-7B1B3724791A}.Debug|x86.Build.0 = Debug|Any CPU
		{ACE07577-5D13-4267-8049-7B1B3724791A}.Release|Any CPU.ActiveCfg = Release|Any CPU
		{ACE07577-5D13-4267-8049-7B1B3724791A}.Release|Any CPU.Build.0 = Release|Any CPU
		{ACE07577-5D13-4267-8049-7B1B3724791A}.Release|x64.ActiveCfg = Release|Any CPU
		{ACE07577-5D13-4267-8049-7B1B3724791A}.Release|x64.Build.0 = Release|Any CPU
		{ACE07577-5D13-4267-8049-7B1B3724791A}.Release|x86.ActiveCfg = Release|Any CPU
		{ACE07577-5D13-4267-8049-7B1B3724791A}.Release|x86.Build.0 = Release|Any CPU
		{36056B4F-CF93-4F03-9606-9CD6C78F3AEF}.Debug|Any CPU.ActiveCfg = Debug|Any CPU
		{36056B4F-CF93-4F03-9606-9CD6C78F3AEF}.Debug|Any CPU.Build.0 = Debug|Any CPU
		{36056B4F-CF93-4F03-9606-9CD6C78F3AEF}.Debug|x64.ActiveCfg = Debug|Any CPU
		{36056B4F-CF93-4F03-9606-9CD6C78F3AEF}.Debug|x64.Build.0 = Debug|Any CPU
		{36056B4F-CF93-4F03-9606-9CD6C78F3AEF}.Debug|x86.ActiveCfg = Debug|Any CPU
		{36056B4F-CF93-4F03-9606-9CD6C78F3AEF}.Debug|x86.Build.0 = Debug|Any CPU
		{36056B4F-CF93-4F03-9606-9CD6C78F3AEF}.Release|Any CPU.ActiveCfg = Release|Any CPU
		{36056B4F-CF93-4F03-9606-9CD6C78F3AEF}.Release|Any CPU.Build.0 = Release|Any CPU
		{36056B4F-CF93-4F03-9606-9CD6C78F3AEF}.Release|x64.ActiveCfg = Release|Any CPU
		{36056B4F-CF93-4F03-9606-9CD6C78F3AEF}.Release|x64.Build.0 = Release|Any CPU
		{36056B4F-CF93-4F03-9606-9CD6C78F3AEF}.Release|x86.ActiveCfg = Release|Any CPU
		{36056B4F-CF93-4F03-9606-9CD6C78F3AEF}.Release|x86.Build.0 = Release|Any CPU
	EndGlobalSection
	GlobalSection(SolutionProperties) = preSolution
		HideSolutionNode = FALSE
	EndGlobalSection
EndGlobal
